// !$*UTF8*$!
{
	archiveVersion = 1;
	classes = {
	};
	objectVersion = 56;
	objects = {

/* Begin PBXBuildFile section */
		1120B79F29B2B83300D9DFDC /* PersonsView.swift in Sources */ = {isa = PBXBuildFile; fileRef = 1120B79E29B2B83300D9DFDC /* PersonsView.swift */; };
		112C9EFD29AF3C9B00CF821C /* AppDelegate.swift in Sources */ = {isa = PBXBuildFile; fileRef = 112C9EFC29AF3C9B00CF821C /* AppDelegate.swift */; };
		112C9EFF29AF3C9B00CF821C /* SceneDelegate.swift in Sources */ = {isa = PBXBuildFile; fileRef = 112C9EFE29AF3C9B00CF821C /* SceneDelegate.swift */; };
		112C9F0129AF3C9B00CF821C /* MainViewController.swift in Sources */ = {isa = PBXBuildFile; fileRef = 112C9F0029AF3C9B00CF821C /* MainViewController.swift */; };
		112C9F0429AF3C9B00CF821C /* Main.storyboard in Resources */ = {isa = PBXBuildFile; fileRef = 112C9F0229AF3C9B00CF821C /* Main.storyboard */; };
		112C9F0629AF3C9C00CF821C /* Assets.xcassets in Resources */ = {isa = PBXBuildFile; fileRef = 112C9F0529AF3C9C00CF821C /* Assets.xcassets */; };
		112C9F0929AF3C9C00CF821C /* LaunchScreen.storyboard in Resources */ = {isa = PBXBuildFile; fileRef = 112C9F0729AF3C9C00CF821C /* LaunchScreen.storyboard */; };
		112C9F1229AF3D2F00CF821C /* SnapKit in Frameworks */ = {isa = PBXBuildFile; productRef = 112C9F1129AF3D2F00CF821C /* SnapKit */; };
		112C9F1729B2B0C900CF821C /* TotalBillView.swift in Sources */ = {isa = PBXBuildFile; fileRef = 112C9F1629B2B0C900CF821C /* TotalBillView.swift */; };
		116C6C3E29B38E1F0044B9C5 /* TipsView.swift in Sources */ = {isa = PBXBuildFile; fileRef = 116C6C3D29B38E1F0044B9C5 /* TipsView.swift */; };
		116C6C4129B392F00044B9C5 /* TipsCollectionViewCell.swift in Sources */ = {isa = PBXBuildFile; fileRef = 116C6C4029B392F00044B9C5 /* TipsCollectionViewCell.swift */; };
		116C6C4329B54C5D0044B9C5 /* ResultViewController.swift in Sources */ = {isa = PBXBuildFile; fileRef = 116C6C4229B54C5D0044B9C5 /* ResultViewController.swift */; };
		116C6C4529B806D80044B9C5 /* DescriptionView.swift in Sources */ = {isa = PBXBuildFile; fileRef = 116C6C4429B806D80044B9C5 /* DescriptionView.swift */; };
/* End PBXBuildFile section */

/* Begin PBXFileReference section */
		1120B79E29B2B83300D9DFDC /* PersonsView.swift */ = {isa = PBXFileReference; lastKnownFileType = sourcecode.swift; path = PersonsView.swift; sourceTree = "<group>"; };
		112C9EF929AF3C9B00CF821C /* tipsySnapKit.app */ = {isa = PBXFileReference; explicitFileType = wrapper.application; includeInIndex = 0; path = tipsySnapKit.app; sourceTree = BUILT_PRODUCTS_DIR; };
		112C9EFC29AF3C9B00CF821C /* AppDelegate.swift */ = {isa = PBXFileReference; lastKnownFileType = sourcecode.swift; path = AppDelegate.swift; sourceTree = "<group>"; };
		112C9EFE29AF3C9B00CF821C /* SceneDelegate.swift */ = {isa = PBXFileReference; lastKnownFileType = sourcecode.swift; path = SceneDelegate.swift; sourceTree = "<group>"; };
		112C9F0029AF3C9B00CF821C /* MainViewController.swift */ = {isa = PBXFileReference; lastKnownFileType = sourcecode.swift; path = MainViewController.swift; sourceTree = "<group>"; };
		112C9F0329AF3C9B00CF821C /* Base */ = {isa = PBXFileReference; lastKnownFileType = file.storyboard; name = Base; path = Base.lproj/Main.storyboard; sourceTree = "<group>"; };
		112C9F0529AF3C9C00CF821C /* Assets.xcassets */ = {isa = PBXFileReference; lastKnownFileType = folder.assetcatalog; path = Assets.xcassets; sourceTree = "<group>"; };
		112C9F0829AF3C9C00CF821C /* Base */ = {isa = PBXFileReference; lastKnownFileType = file.storyboard; name = Base; path = Base.lproj/LaunchScreen.storyboard; sourceTree = "<group>"; };
		112C9F0A29AF3C9C00CF821C /* Info.plist */ = {isa = PBXFileReference; lastKnownFileType = text.plist.xml; path = Info.plist; sourceTree = "<group>"; };
		112C9F1629B2B0C900CF821C /* TotalBillView.swift */ = {isa = PBXFileReference; lastKnownFileType = sourcecode.swift; path = TotalBillView.swift; sourceTree = "<group>"; };
		116C6C3D29B38E1F0044B9C5 /* TipsView.swift */ = {isa = PBXFileReference; lastKnownFileType = sourcecode.swift; path = TipsView.swift; sourceTree = "<group>"; };
		116C6C4029B392F00044B9C5 /* TipsCollectionViewCell.swift */ = {isa = PBXFileReference; lastKnownFileType = sourcecode.swift; path = TipsCollectionViewCell.swift; sourceTree = "<group>"; };
		116C6C4229B54C5D0044B9C5 /* ResultViewController.swift */ = {isa = PBXFileReference; lastKnownFileType = sourcecode.swift; path = ResultViewController.swift; sourceTree = "<group>"; };
		116C6C4429B806D80044B9C5 /* DescriptionView.swift */ = {isa = PBXFileReference; lastKnownFileType = sourcecode.swift; path = DescriptionView.swift; sourceTree = "<group>"; };
/* End PBXFileReference section */

/* Begin PBXFrameworksBuildPhase section */
		112C9EF629AF3C9B00CF821C /* Frameworks */ = {
			isa = PBXFrameworksBuildPhase;
			buildActionMask = 2147483647;
			files = (
				112C9F1229AF3D2F00CF821C /* SnapKit in Frameworks */,
			);
			runOnlyForDeploymentPostprocessing = 0;
		};
/* End PBXFrameworksBuildPhase section */

/* Begin PBXGroup section */
		112C9EF029AF3C9B00CF821C = {
			isa = PBXGroup;
			children = (
				112C9EFB29AF3C9B00CF821C /* tipsySnapKit */,
				112C9EFA29AF3C9B00CF821C /* Products */,
			);
			sourceTree = "<group>";
		};
		112C9EFA29AF3C9B00CF821C /* Products */ = {
			isa = PBXGroup;
			children = (
				112C9EF929AF3C9B00CF821C /* tipsySnapKit.app */,
			);
			name = Products;
			sourceTree = "<group>";
		};
		112C9EFB29AF3C9B00CF821C /* tipsySnapKit */ = {
			isa = PBXGroup;
			children = (
				112C9F1529B2B0B100CF821C /* Views */,
				112C9F1429B2B03900CF821C /* Model */,
				112C9EFC29AF3C9B00CF821C /* AppDelegate.swift */,
				112C9EFE29AF3C9B00CF821C /* SceneDelegate.swift */,
				112C9F1329B2B01A00CF821C /* Controller */,
				112C9F0229AF3C9B00CF821C /* Main.storyboard */,
				112C9F0529AF3C9C00CF821C /* Assets.xcassets */,
				112C9F0729AF3C9C00CF821C /* LaunchScreen.storyboard */,
				112C9F0A29AF3C9C00CF821C /* Info.plist */,
			);
			path = tipsySnapKit;
			sourceTree = "<group>";
		};
		112C9F1329B2B01A00CF821C /* Controller */ = {
			isa = PBXGroup;
			children = (
				112C9F0029AF3C9B00CF821C /* MainViewController.swift */,
				116C6C4229B54C5D0044B9C5 /* ResultViewController.swift */,
			);
			path = Controller;
			sourceTree = "<group>";
		};
		112C9F1429B2B03900CF821C /* Model */ = {
			isa = PBXGroup;
			children = (
			);
			path = Model;
			sourceTree = "<group>";
		};
		112C9F1529B2B0B100CF821C /* Views */ = {
			isa = PBXGroup;
			children = (
				116C6C3F29B392E10044B9C5 /* Cells */,
				112C9F1629B2B0C900CF821C /* TotalBillView.swift */,
				1120B79E29B2B83300D9DFDC /* PersonsView.swift */,
				116C6C3D29B38E1F0044B9C5 /* TipsView.swift */,
				116C6C4429B806D80044B9C5 /* DescriptionView.swift */,
			);
			path = Views;
			sourceTree = "<group>";
		};
		116C6C3F29B392E10044B9C5 /* Cells */ = {
			isa = PBXGroup;
			children = (
				116C6C4029B392F00044B9C5 /* TipsCollectionViewCell.swift */,
			);
			name = Cells;
			sourceTree = "<group>";
		};
/* End PBXGroup section */

/* Begin PBXNativeTarget section */
		112C9EF829AF3C9B00CF821C /* tipsySnapKit */ = {
			isa = PBXNativeTarget;
			buildConfigurationList = 112C9F0D29AF3C9C00CF821C /* Build configuration list for PBXNativeTarget "tipsySnapKit" */;
			buildPhases = (
				112C9EF529AF3C9B00CF821C /* Sources */,
				112C9EF629AF3C9B00CF821C /* Frameworks */,
				112C9EF729AF3C9B00CF821C /* Resources */,
			);
			buildRules = (
			);
			dependencies = (
			);
			name = tipsySnapKit;
			packageProductDependencies = (
				112C9F1129AF3D2F00CF821C /* SnapKit */,
			);
			productName = tipsySnapKit;
			productReference = 112C9EF929AF3C9B00CF821C /* tipsySnapKit.app */;
			productType = "com.apple.product-type.application";
		};
/* End PBXNativeTarget section */

/* Begin PBXProject section */
		112C9EF129AF3C9B00CF821C /* Project object */ = {
			isa = PBXProject;
			attributes = {
				BuildIndependentTargetsInParallel = 1;
				LastSwiftUpdateCheck = 1400;
				LastUpgradeCheck = 1400;
				TargetAttributes = {
					112C9EF829AF3C9B00CF821C = {
						CreatedOnToolsVersion = 14.0;
					};
				};
			};
			buildConfigurationList = 112C9EF429AF3C9B00CF821C /* Build configuration list for PBXProject "tipsySnapKit" */;
			compatibilityVersion = "Xcode 14.0";
			developmentRegion = en;
			hasScannedForEncodings = 0;
			knownRegions = (
				en,
				Base,
			);
			mainGroup = 112C9EF029AF3C9B00CF821C;
			packageReferences = (
				112C9F1029AF3D2F00CF821C /* XCRemoteSwiftPackageReference "SnapKit" */,
			);
			productRefGroup = 112C9EFA29AF3C9B00CF821C /* Products */;
			projectDirPath = "";
			projectRoot = "";
			targets = (
				112C9EF829AF3C9B00CF821C /* tipsySnapKit */,
			);
		};
/* End PBXProject section */

/* Begin PBXResourcesBuildPhase section */
		112C9EF729AF3C9B00CF821C /* Resources */ = {
			isa = PBXResourcesBuildPhase;
			buildActionMask = 2147483647;
			files = (
				112C9F0929AF3C9C00CF821C /* LaunchScreen.storyboard in Resources */,
				112C9F0629AF3C9C00CF821C /* Assets.xcassets in Resources */,
				112C9F0429AF3C9B00CF821C /* Main.storyboard in Resources */,
			);
			runOnlyForDeploymentPostprocessing = 0;
		};
/* End PBXResourcesBuildPhase section */

/* Begin PBXSourcesBuildPhase section */
		112C9EF529AF3C9B00CF821C /* Sources */ = {
			isa = PBXSourcesBuildPhase;
			buildActionMask = 2147483647;
			files = (
				116C6C3E29B38E1F0044B9C5 /* TipsView.swift in Sources */,
				112C9F1729B2B0C900CF821C /* TotalBillView.swift in Sources */,
				1120B79F29B2B83300D9DFDC /* PersonsView.swift in Sources */,
				116C6C4529B806D80044B9C5 /* DescriptionView.swift in Sources */,
				116C6C4329B54C5D0044B9C5 /* ResultViewController.swift in Sources */,
				112C9F0129AF3C9B00CF821C /* MainViewController.swift in Sources */,
				116C6C4129B392F00044B9C5 /* TipsCollectionViewCell.swift in Sources */,
				112C9EFD29AF3C9B00CF821C /* AppDelegate.swift in Sources */,
				112C9EFF29AF3C9B00CF821C /* SceneDelegate.swift in Sources */,
			);
			runOnlyForDeploymentPostprocessing = 0;
		};
/* End PBXSourcesBuildPhase section */

/* Begin PBXVariantGroup section */
		112C9F0229AF3C9B00CF821C /* Main.storyboard */ = {
			isa = PBXVariantGroup;
			children = (
				112C9F0329AF3C9B00CF821C /* Base */,
			);
			name = Main.storyboard;
			sourceTree = "<group>";
		};
		112C9F0729AF3C9C00CF821C /* LaunchScreen.storyboard */ = {
			isa = PBXVariantGroup;
			children = (
				112C9F0829AF3C9C00CF821C /* Base */,
			);
			name = LaunchScreen.storyboard;
			sourceTree = "<group>";
		};
/* End PBXVariantGroup section */

/* Begin XCBuildConfiguration section */
		112C9F0B29AF3C9C00CF821C /* Debug */ = {
			isa = XCBuildConfiguration;
			buildSettings = {
				ALWAYS_SEARCH_USER_PATHS = NO;
				CLANG_ANALYZER_NONNULL = YES;
				CLANG_ANALYZER_NUMBER_OBJECT_CONVERSION = YES_AGGRESSIVE;
				CLANG_CXX_LANGUAGE_STANDARD = "gnu++20";
				CLANG_ENABLE_MODULES = YES;
				CLANG_ENABLE_OBJC_ARC = YES;
				CLANG_ENABLE_OBJC_WEAK = YES;
				CLANG_WARN_BLOCK_CAPTURE_AUTORELEASING = YES;
				CLANG_WARN_BOOL_CONVERSION = YES;
				CLANG_WARN_COMMA = YES;
				CLANG_WARN_CONSTANT_CONVERSION = YES;
				CLANG_WARN_DEPRECATED_OBJC_IMPLEMENTATIONS = YES;
				CLANG_WARN_DIRECT_OBJC_ISA_USAGE = YES_ERROR;
				CLANG_WARN_DOCUMENTATION_COMMENTS = YES;
				CLANG_WARN_EMPTY_BODY = YES;
				CLANG_WARN_ENUM_CONVERSION = YES;
				CLANG_WARN_INFINITE_RECURSION = YES;
				CLANG_WARN_INT_CONVERSION = YES;
				CLANG_WARN_NON_LITERAL_NULL_CONVERSION = YES;
				CLANG_WARN_OBJC_IMPLICIT_RETAIN_SELF = YES;
				CLANG_WARN_OBJC_LITERAL_CONVERSION = YES;
				CLANG_WARN_OBJC_ROOT_CLASS = YES_ERROR;
				CLANG_WARN_QUOTED_INCLUDE_IN_FRAMEWORK_HEADER = YES;
				CLANG_WARN_RANGE_LOOP_ANALYSIS = YES;
				CLANG_WARN_STRICT_PROTOTYPES = YES;
				CLANG_WARN_SUSPICIOUS_MOVE = YES;
				CLANG_WARN_UNGUARDED_AVAILABILITY = YES_AGGRESSIVE;
				CLANG_WARN_UNREACHABLE_CODE = YES;
				CLANG_WARN__DUPLICATE_METHOD_MATCH = YES;
				COPY_PHASE_STRIP = NO;
				DEBUG_INFORMATION_FORMAT = dwarf;
				ENABLE_STRICT_OBJC_MSGSEND = YES;
				ENABLE_TESTABILITY = YES;
				GCC_C_LANGUAGE_STANDARD = gnu11;
				GCC_DYNAMIC_NO_PIC = NO;
				GCC_NO_COMMON_BLOCKS = YES;
				GCC_OPTIMIZATION_LEVEL = 0;
				GCC_PREPROCESSOR_DEFINITIONS = (
					"DEBUG=1",
					"$(inherited)",
				);
				GCC_WARN_64_TO_32_BIT_CONVERSION = YES;
				GCC_WARN_ABOUT_RETURN_TYPE = YES_ERROR;
				GCC_WARN_UNDECLARED_SELECTOR = YES;
				GCC_WARN_UNINITIALIZED_AUTOS = YES_AGGRESSIVE;
				GCC_WARN_UNUSED_FUNCTION = YES;
				GCC_WARN_UNUSED_VARIABLE = YES;
				IPHONEOS_DEPLOYMENT_TARGET = 16.0;
				MTL_ENABLE_DEBUG_INFO = INCLUDE_SOURCE;
				MTL_FAST_MATH = YES;
				ONLY_ACTIVE_ARCH = YES;
				SDKROOT = iphoneos;
				SWIFT_ACTIVE_COMPILATION_CONDITIONS = DEBUG;
				SWIFT_OPTIMIZATION_LEVEL = "-Onone";
			};
			name = Debug;
		};
		112C9F0C29AF3C9C00CF821C /* Release */ = {
			isa = XCBuildConfiguration;
			buildSettings = {
				ALWAYS_SEARCH_USER_PATHS = NO;
				CLANG_ANALYZER_NONNULL = YES;
				CLANG_ANALYZER_NUMBER_OBJECT_CONVERSION = YES_AGGRESSIVE;
				CLANG_CXX_LANGUAGE_STANDARD = "gnu++20";
				CLANG_ENABLE_MODULES = YES;
				CLANG_ENABLE_OBJC_ARC = YES;
				CLANG_ENABLE_OBJC_WEAK = YES;
				CLANG_WARN_BLOCK_CAPTURE_AUTORELEASING = YES;
				CLANG_WARN_BOOL_CONVERSION = YES;
				CLANG_WARN_COMMA = YES;
				CLANG_WARN_CONSTANT_CONVERSION = YES;
				CLANG_WARN_DEPRECATED_OBJC_IMPLEMENTATIONS = YES;
				CLANG_WARN_DIRECT_OBJC_ISA_USAGE = YES_ERROR;
				CLANG_WARN_DOCUMENTATION_COMMENTS = YES;
				CLANG_WARN_EMPTY_BODY = YES;
				CLANG_WARN_ENUM_CONVERSION = YES;
				CLANG_WARN_INFINITE_RECURSION = YES;
				CLANG_WARN_INT_CONVERSION = YES;
				CLANG_WARN_NON_LITERAL_NULL_CONVERSION = YES;
				CLANG_WARN_OBJC_IMPLICIT_RETAIN_SELF = YES;
				CLANG_WARN_OBJC_LITERAL_CONVERSION = YES;
				CLANG_WARN_OBJC_ROOT_CLASS = YES_ERROR;
				CLANG_WARN_QUOTED_INCLUDE_IN_FRAMEWORK_HEADER = YES;
				CLANG_WARN_RANGE_LOOP_ANALYSIS = YES;
				CLANG_WARN_STRICT_PROTOTYPES = YES;
				CLANG_WARN_SUSPICIOUS_MOVE = YES;
				CLANG_WARN_UNGUARDED_AVAILABILITY = YES_AGGRESSIVE;
				CLANG_WARN_UNREACHABLE_CODE = YES;
				CLANG_WARN__DUPLICATE_METHOD_MATCH = YES;
				COPY_PHASE_STRIP = NO;
				DEBUG_INFORMATION_FORMAT = "dwarf-with-dsym";
				ENABLE_NS_ASSERTIONS = NO;
				ENABLE_STRICT_OBJC_MSGSEND = YES;
				GCC_C_LANGUAGE_STANDARD = gnu11;
				GCC_NO_COMMON_BLOCKS = YES;
				GCC_WARN_64_TO_32_BIT_CONVERSION = YES;
				GCC_WARN_ABOUT_RETURN_TYPE = YES_ERROR;
				GCC_WARN_UNDECLARED_SELECTOR = YES;
				GCC_WARN_UNINITIALIZED_AUTOS = YES_AGGRESSIVE;
				GCC_WARN_UNUSED_FUNCTION = YES;
				GCC_WARN_UNUSED_VARIABLE = YES;
				IPHONEOS_DEPLOYMENT_TARGET = 16.0;
				MTL_ENABLE_DEBUG_INFO = NO;
				MTL_FAST_MATH = YES;
				SDKROOT = iphoneos;
				SWIFT_COMPILATION_MODE = wholemodule;
				SWIFT_OPTIMIZATION_LEVEL = "-O";
				VALIDATE_PRODUCT = YES;
			};
			name = Release;
		};
		112C9F0E29AF3C9C00CF821C /* Debug */ = {
			isa = XCBuildConfiguration;
			buildSettings = {
				ASSETCATALOG_COMPILER_APPICON_NAME = AppIcon;
				ASSETCATALOG_COMPILER_GLOBAL_ACCENT_COLOR_NAME = AccentColor;
				CODE_SIGN_STYLE = Automatic;
				CURRENT_PROJECT_VERSION = 1;
				DEVELOPMENT_TEAM = JYGD22Q689;
				GENERATE_INFOPLIST_FILE = YES;
				INFOPLIST_FILE = tipsySnapKit/Info.plist;
				INFOPLIST_KEY_UIApplicationSupportsIndirectInputEvents = YES;
				INFOPLIST_KEY_UILaunchStoryboardName = LaunchScreen;
				INFOPLIST_KEY_UIMainStoryboardFile = Main;
				INFOPLIST_KEY_UISupportedInterfaceOrientations_iPad = "UIInterfaceOrientationPortrait UIInterfaceOrientationPortraitUpsideDown UIInterfaceOrientationLandscapeLeft UIInterfaceOrientationLandscapeRight";
				INFOPLIST_KEY_UISupportedInterfaceOrientations_iPhone = "UIInterfaceOrientationPortrait UIInterfaceOrientationLandscapeLeft UIInterfaceOrientationLandscapeRight";
				LD_RUNPATH_SEARCH_PATHS = (
					"$(inherited)",
					"@executable_path/Frameworks",
				);
				MARKETING_VERSION = 1.0;
				PRODUCT_BUNDLE_IDENTIFIER = ru.wkids.tipsySnapKit;
				PRODUCT_NAME = "$(TARGET_NAME)";
				SWIFT_EMIT_LOC_STRINGS = YES;
				SWIFT_VERSION = 5.0;
				TARGETED_DEVICE_FAMILY = "1,2";
			};
			name = Debug;
		};
		112C9F0F29AF3C9C00CF821C /* Release */ = {
			isa = XCBuildConfiguration;
			buildSettings = {
				ASSETCATALOG_COMPILER_APPICON_NAME = AppIcon;
				ASSETCATALOG_COMPILER_GLOBAL_ACCENT_COLOR_NAME = AccentColor;
				CODE_SIGN_STYLE = Automatic;
				CURRENT_PROJECT_VERSION = 1;
				DEVELOPMENT_TEAM = JYGD22Q689;
				GENERATE_INFOPLIST_FILE = YES;
				INFOPLIST_FILE = tipsySnapKit/Info.plist;
				INFOPLIST_KEY_UIApplicationSupportsIndirectInputEvents = YES;
				INFOPLIST_KEY_UILaunchStoryboardName = LaunchScreen;
				INFOPLIST_KEY_UIMainStoryboardFile = Main;
				INFOPLIST_KEY_UISupportedInterfaceOrientations_iPad = "UIInterfaceOrientationPortrait UIInterfaceOrientationPortraitUpsideDown UIInterfaceOrientationLandscapeLeft UIInterfaceOrientationLandscapeRight";
				INFOPLIST_KEY_UISupportedInterfaceOrientations_iPhone = "UIInterfaceOrientationPortrait UIInterfaceOrientationLandscapeLeft UIInterfaceOrientationLandscapeRight";
				LD_RUNPATH_SEARCH_PATHS = (
					"$(inherited)",
					"@executable_path/Frameworks",
				);
				MARKETING_VERSION = 1.0;
				PRODUCT_BUNDLE_IDENTIFIER = ru.wkids.tipsySnapKit;
				PRODUCT_NAME = "$(TARGET_NAME)";
				SWIFT_EMIT_LOC_STRINGS = YES;
				SWIFT_VERSION = 5.0;
				TARGETED_DEVICE_FAMILY = "1,2";
			};
			name = Release;
		};
/* End XCBuildConfiguration section */

/* Begin XCConfigurationList section */
		112C9EF429AF3C9B00CF821C /* Build configuration list for PBXProject "tipsySnapKit" */ = {
			isa = XCConfigurationList;
			buildConfigurations = (
				112C9F0B29AF3C9C00CF821C /* Debug */,
				112C9F0C29AF3C9C00CF821C /* Release */,
			);
			defaultConfigurationIsVisible = 0;
			defaultConfigurationName = Release;
		};
		112C9F0D29AF3C9C00CF821C /* Build configuration list for PBXNativeTarget "tipsySnapKit" */ = {
			isa = XCConfigurationList;
			buildConfigurations = (
				112C9F0E29AF3C9C00CF821C /* Debug */,
				112C9F0F29AF3C9C00CF821C /* Release */,
			);
			defaultConfigurationIsVisible = 0;
			defaultConfigurationName = Release;
		};
/* End XCConfigurationList section */

/* Begin XCRemoteSwiftPackageReference section */
		112C9F1029AF3D2F00CF821C /* XCRemoteSwiftPackageReference "SnapKit" */ = {
			isa = XCRemoteSwiftPackageReference;
			repositoryURL = "https://github.com/SnapKit/SnapKit.git";
			requirement = {
				kind = upToNextMajorVersion;
				minimumVersion = 5.0.0;
			};
		};
/* End XCRemoteSwiftPackageReference section */

/* Begin XCSwiftPackageProductDependency section */
		112C9F1129AF3D2F00CF821C /* SnapKit */ = {
			isa = XCSwiftPackageProductDependency;
			package = 112C9F1029AF3D2F00CF821C /* XCRemoteSwiftPackageReference "SnapKit" */;
			productName = SnapKit;
		};
/* End XCSwiftPackageProductDependency section */
	};
	rootObject = 112C9EF129AF3C9B00CF821C /* Project object */;
}
